
Microsoft Visual Studio Solution File, Format Version 12.00
# Visual Studio Version 16
VisualStudioVersion = 16.0.29215.179
MinimumVisualStudioVersion = 10.0.40219.1
Project("{FAE04EC0-301F-11D3-BF4B-00C04F79EFBC}") = "MVVMXamarin.UWP", "MVVMXamarin\MVVMXamarin.UWP\MVVMXamarin.UWP.csproj", "{2EE6979C-9CDA-48FF-A7E7-534AA12C67D2}"
EndProject
Project("{FAE04EC0-301F-11D3-BF4B-00C04F79EFBC}") = "MVVMXamarin.Android", "MVVMXamarin\MVVMXamarin.Android\MVVMXamarin.Android.csproj", "{06BC116D-9AC3-4252-818A-DEB7A3F39196}"
EndProject
Project("{FAE04EC0-301F-11D3-BF4B-00C04F79EFBC}") = "MVVMXamarin.iOS", "MVVMXamarin\MVVMXamarin.iOS\MVVMXamarin.iOS.csproj", "{4B598C54-E89F-4E87-9101-C80283BB7D91}"
EndProject
Project("{FAE04EC0-301F-11D3-BF4B-00C04F79EFBC}") = "MVVMXamarin", "MVVMXamarin\MVVMXamarin\MVVMXamarin.csproj", "{EB6A6148-77FA-44F2-970D-BB6D7AC2B7B3}"
EndProject
Global
	GlobalSection(SolutionConfigurationPlatforms) = preSolution
		Debug|Any CPU = Debug|Any CPU
		Debug|ARM = Debug|ARM
		Debug|iPhone = Debug|iPhone
		Debug|iPhoneSimulator = Debug|iPhoneSimulator
		Debug|x64 = Debug|x64
		Debug|x86 = Debug|x86
		Release|Any CPU = Release|Any CPU
		Release|ARM = Release|ARM
		Release|iPhone = Release|iPhone
		Release|iPhoneSimulator = Release|iPhoneSimulator
		Release|x64 = Release|x64
		Release|x86 = Release|x86
	EndGlobalSection
	GlobalSection(ProjectConfigurationPlatforms) = postSolution
		{2EE6979C-9CDA-48FF-A7E7-534AA12C67D2}.Debug|Any CPU.ActiveCfg = Debug|x86
		{2EE6979C-9CDA-48FF-A7E7-534AA12C67D2}.Debug|Any CPU.Build.0 = Debug|x86
		{2EE6979C-9CDA-48FF-A7E7-534AA12C67D2}.Debug|Any CPU.Deploy.0 = Debug|x86
		{2EE6979C-9CDA-48FF-A7E7-534AA12C67D2}.Debug|ARM.ActiveCfg = Debug|ARM
		{2EE6979C-9CDA-48FF-A7E7-534AA12C67D2}.Debug|ARM.Build.0 = Debug|ARM
		{2EE6979C-9CDA-48FF-A7E7-534AA12C67D2}.Debug|ARM.Deploy.0 = Debug|ARM
		{2EE6979C-9CDA-48FF-A7E7-534AA12C67D2}.Debug|iPhone.ActiveCfg = Debug|x86
		{2EE6979C-9CDA-48FF-A7E7-534AA12C67D2}.Debug|iPhone.Build.0 = Debug|x86
		{2EE6979C-9CDA-48FF-A7E7-534AA12C67D2}.Debug|iPhone.Deploy.0 = Debug|x86
		{2EE6979C-9CDA-48FF-A7E7-534AA12C67D2}.Debug|iPhoneSimulator.ActiveCfg = Debug|x86
		{2EE6979C-9CDA-48FF-A7E7-534AA12C67D2}.Debug|iPhoneSimulator.Build.0 = Debug|x86
		{2EE6979C-9CDA-48FF-A7E7-534AA12C67D2}.Debug|iPhoneSimulator.Deploy.0 = Debug|x86
		{2EE6979C-9CDA-48FF-A7E7-534AA12C67D2}.Debug|x64.ActiveCfg = Debug|x64
		{2EE6979C-9CDA-48FF-A7E7-534AA12C67D2}.Debug|x64.Build.0 = Debug|x64
		{2EE6979C-9CDA-48FF-A7E7-534AA12C67D2}.Debug|x64.Deploy.0 = Debug|x64
		{2EE6979C-9CDA-48FF-A7E7-534AA12C67D2}.Debug|x86.ActiveCfg = Debug|x86
		{2EE6979C-9CDA-48FF-A7E7-534AA12C67D2}.Debug|x86.Build.0 = Debug|x86
		{2EE6979C-9CDA-48FF-A7E7-534AA12C67D2}.Debug|x86.Deploy.0 = Debug|x86
		{2EE6979C-9CDA-48FF-A7E7-534AA12C67D2}.Release|Any CPU.ActiveCfg = Release|x86
		{2EE6979C-9CDA-48FF-A7E7-534AA12C67D2}.Release|Any CPU.Build.0 = Release|x86
		{2EE6979C-9CDA-48FF-A7E7-534AA12C67D2}.Release|Any CPU.Deploy.0 = Release|x86
		{2EE6979C-9CDA-48FF-A7E7-534AA12C67D2}.Release|ARM.ActiveCfg = Release|ARM
		{2EE6979C-9CDA-48FF-A7E7-534AA12C67D2}.Release|ARM.Build.0 = Release|ARM
		{2EE6979C-9CDA-48FF-A7E7-534AA12C67D2}.Release|ARM.Deploy.0 = Release|ARM
		{2EE6979C-9CDA-48FF-A7E7-534AA12C67D2}.Release|iPhone.ActiveCfg = Release|x86
		{2EE6979C-9CDA-48FF-A7E7-534AA12C67D2}.Release|iPhone.Build.0 = Release|x86
		{2EE6979C-9CDA-48FF-A7E7-534AA12C67D2}.Release|iPhone.Deploy.0 = Release|x86
		{2EE6979C-9CDA-48FF-A7E7-534AA12C67D2}.Release|iPhoneSimulator.ActiveCfg = Release|x86
		{2EE6979C-9CDA-48FF-A7E7-534AA12C67D2}.Release|iPhoneSimulator.Build.0 = Release|x86
		{2EE6979C-9CDA-48FF-A7E7-534AA12C67D2}.Release|iPhoneSimulator.Deploy.0 = Release|x86
		{2EE6979C-9CDA-48FF-A7E7-534AA12C67D2}.Release|x64.ActiveCfg = Release|x64
		{2EE6979C-9CDA-48FF-A7E7-534AA12C67D2}.Release|x64.Build.0 = Release|x64
		{2EE6979C-9CDA-48FF-A7E7-534AA12C67D2}.Release|x64.Deploy.0 = Release|x64
		{2EE6979C-9CDA-48FF-A7E7-534AA12C67D2}.Release|x86.ActiveCfg = Release|x86
		{2EE6979C-9CDA-48FF-A7E7-534AA12C67D2}.Release|x86.Build.0 = Release|x86
		{2EE6979C-9CDA-48FF-A7E7-534AA12C67D2}.Release|x86.Deploy.0 = Release|x86
		{06BC116D-9AC3-4252-818A-DEB7A3F39196}.Debug|Any CPU.ActiveCfg = Debug|Any CPU
		{06BC116D-9AC3-4252-818A-DEB7A3F39196}.Debug|Any CPU.Build.0 = Debug|Any CPU
		{06BC116D-9AC3-4252-818A-DEB7A3F39196}.Debug|Any CPU.Deploy.0 = Debug|Any CPU
		{06BC116D-9AC3-4252-818A-DEB7A3F39196}.Debug|ARM.ActiveCfg = Debug|Any CPU
		{06BC116D-9AC3-4252-818A-DEB7A3F39196}.Debug|ARM.Build.0 = Debug|Any CPU
		{06BC116D-9AC3-4252-818A-DEB7A3F39196}.Debug|ARM.Deploy.0 = Debug|Any CPU
		{06BC116D-9AC3-4252-818A-DEB7A3F39196}.Debug|iPhone.ActiveCfg = Debug|Any CPU
		{06BC116D-9AC3-4252-818A-DEB7A3F39196}.Debug|iPhone.Build.0 = Debug|Any CPU
		{06BC116D-9AC3-4252-818A-DEB7A3F39196}.Debug|iPhone.Deploy.0 = Debug|Any CPU
		{06BC116D-9AC3-4252-818A-DEB7A3F39196}.Debug|iPhoneSimulator.ActiveCfg = Debug|Any CPU
		{06BC116D-9AC3-4252-818A-DEB7A3F39196}.Debug|iPhoneSimulator.Build.0 = Debug|Any CPU
		{06BC116D-9AC3-4252-818A-DEB7A3F39196}.Debug|iPhoneSimulator.Deploy.0 = Debug|Any CPU
		{06BC116D-9AC3-4252-818A-DEB7A3F39196}.Debug|x64.ActiveCfg = Debug|Any CPU
		{06BC116D-9AC3-4252-818A-DEB7A3F39196}.Debug|x64.Build.0 = Debug|Any CPU
		{06BC116D-9AC3-4252-818A-DEB7A3F39196}.Debug|x64.Deploy.0 = Debug|Any CPU
		{06BC116D-9AC3-4252-818A-DEB7A3F39196}.Debug|x86.ActiveCfg = Debug|Any CPU
		{06BC116D-9AC3-4252-818A-DEB7A3F39196}.Debug|x86.Build.0 = Debug|Any CPU
		{06BC116D-9AC3-4252-818A-DEB7A3F39196}.Debug|x86.Deploy.0 = Debug|Any CPU
		{06BC116D-9AC3-4252-818A-DEB7A3F39196}.Release|Any CPU.ActiveCfg = Release|Any CPU
		{06BC116D-9AC3-4252-818A-DEB7A3F39196}.Release|Any CPU.Build.0 = Release|Any CPU
		{06BC116D-9AC3-4252-818A-DEB7A3F39196}.Release|Any CPU.Deploy.0 = Release|Any CPU
		{06BC116D-9AC3-4252-818A-DEB7A3F39196}.Release|ARM.ActiveCfg = Release|Any CPU
		{06BC116D-9AC3-4252-818A-DEB7A3F39196}.Release|ARM.Build.0 = Release|Any CPU
		{06BC116D-9AC3-4252-818A-DEB7A3F39196}.Release|ARM.Deploy.0 = Release|Any CPU
		{06BC116D-9AC3-4252-818A-DEB7A3F39196}.Release|iPhone.ActiveCfg = Release|Any CPU
		{06BC116D-9AC3-4252-818A-DEB7A3F39196}.Release|iPhone.Build.0 = Release|Any CPU
		{06BC116D-9AC3-4252-818A-DEB7A3F39196}.Release|iPhone.Deploy.0 = Release|Any CPU
		{06BC116D-9AC3-4252-818A-DEB7A3F39196}.Release|iPhoneSimulator.ActiveCfg = Release|Any CPU
		{06BC116D-9AC3-4252-818A-DEB7A3F39196}.Release|iPhoneSimulator.Build.0 = Release|Any CPU
		{06BC116D-9AC3-4252-818A-DEB7A3F39196}.Release|iPhoneSimulator.Deploy.0 = Release|Any CPU
		{06BC116D-9AC3-4252-818A-DEB7A3F39196}.Release|x64.ActiveCfg = Release|Any CPU
		{06BC116D-9AC3-4252-818A-DEB7A3F39196}.Release|x64.Build.0 = Release|Any CPU
		{06BC116D-9AC3-4252-818A-DEB7A3F39196}.Release|x64.Deploy.0 = Release|Any CPU
		{06BC116D-9AC3-4252-818A-DEB7A3F39196}.Release|x86.ActiveCfg = Release|Any CPU
		{06BC116D-9AC3-4252-818A-DEB7A3F39196}.Release|x86.Build.0 = Release|Any CPU
		{06BC116D-9AC3-4252-818A-DEB7A3F39196}.Release|x86.Deploy.0 = Release|Any CPU
		{4B598C54-E89F-4E87-9101-C80283BB7D91}.Debug|Any CPU.ActiveCfg = Debug|iPhone
		{4B598C54-E89F-4E87-9101-C80283BB7D91}.Debug|Any CPU.Build.0 = Debug|iPhone
		{4B598C54-E89F-4E87-9101-C80283BB7D91}.Debug|Any CPU.Deploy.0 = Debug|iPhone
		{4B598C54-E89F-4E87-9101-C80283BB7D91}.Debug|ARM.ActiveCfg = Debug|iPhoneSimulator
		{4B598C54-E89F-4E87-9101-C80283BB7D91}.Debug|ARM.Build.0 = Debug|iPhoneSimulator
		{4B598C54-E89F-4E87-9101-C80283BB7D91}.Debug|ARM.Deploy.0 = Debug|iPhoneSimulator
		{4B598C54-E89F-4E87-9101-C80283BB7D91}.Debug|iPhone.ActiveCfg = Debug|iPhone
		{4B598C54-E89F-4E87-9101-C80283BB7D91}.Debug|iPhone.Build.0 = Debug|iPhone
		{4B598C54-E89F-4E87-9101-C80283BB7D91}.Debug|iPhone.Deploy.0 = Debug|iPhone
		{4B598C54-E89F-4E87-9101-C80283BB7D91}.Debug|iPhoneSimulator.ActiveCfg = Debug|iPhoneSimulator
		{4B598C54-E89F-4E87-9101-C80283BB7D91}.Debug|iPhoneSimulator.Build.0 = Debug|iPhoneSimulator
		{4B598C54-E89F-4E87-9101-C80283BB7D91}.Debug|iPhoneSimulator.Deploy.0 = Debug|iPhoneSimulator
		{4B598C54-E89F-4E87-9101-C80283BB7D91}.Debug|x64.ActiveCfg = Debug|iPhone
		{4B598C54-E89F-4E87-9101-C80283BB7D91}.Debug|x64.Build.0 = Debug|iPhone
		{4B598C54-E89F-4E87-9101-C80283BB7D91}.Debug|x64.Deploy.0 = Debug|iPhone
		{4B598C54-E89F-4E87-9101-C80283BB7D91}.Debug|x86.ActiveCfg = Debug|iPhone
		{4B598C54-E89F-4E87-9101-C80283BB7D91}.Debug|x86.Build.0 = Debug|iPhone
		{4B598C54-E89F-4E87-9101-C80283BB7D91}.Debug|x86.Deploy.0 = Debug|iPhone
		{4B598C54-E89F-4E87-9101-C80283BB7D91}.Release|Any CPU.ActiveCfg = Release|iPhone
		{4B598C54-E89F-4E87-9101-C80283BB7D91}.Release|Any CPU.Build.0 = Release|iPhone
		{4B598C54-E89F-4E87-9101-C80283BB7D91}.Release|Any CPU.Deploy.0 = Release|iPhone
		{4B598C54-E89F-4E87-9101-C80283BB7D91}.Release|ARM.ActiveCfg = Release|iPhone
		{4B598C54-E89F-4E87-9101-C80283BB7D91}.Release|ARM.Build.0 = Release|iPhone
		{4B598C54-E89F-4E87-9101-C80283BB7D91}.Release|ARM.Deploy.0 = Release|iPhone
		{4B598C54-E89F-4E87-9101-C80283BB7D91}.Release|iPhone.ActiveCfg = Release|iPhone
		{4B598C54-E89F-4E87-9101-C80283BB7D91}.Release|iPhone.Build.0 = Release|iPhone
		{4B598C54-E89F-4E87-9101-C80283BB7D91}.Release|iPhone.Deploy.0 = Release|iPhone
		{4B598C54-E89F-4E87-9101-C80283BB7D91}.Release|iPhoneSimulator.ActiveCfg = Release|iPhoneSimulator
		{4B598C54-E89F-4E87-9101-C80283BB7D91}.Release|iPhoneSimulator.Build.0 = Release|iPhoneSimulator
		{4B598C54-E89F-4E87-9101-C80283BB7D91}.Release|iPhoneSimulator.Deploy.0 = Release|iPhoneSimulator
		{4B598C54-E89F-4E87-9101-C80283BB7D91}.Release|x64.ActiveCfg = Release|iPhone
		{4B598C54-E89F-4E87-9101-C80283BB7D91}.Release|x64.Build.0 = Release|iPhone
		{4B598C54-E89F-4E87-9101-C80283BB7D91}.Release|x64.Deploy.0 = Release|iPhone
		{4B598C54-E89F-4E87-9101-C80283BB7D91}.Release|x86.ActiveCfg = Release|iPhone
		{4B598C54-E89F-4E87-9101-C80283BB7D91}.Release|x86.Build.0 = Release|iPhone
		{4B598C54-E89F-4E87-9101-C80283BB7D91}.Release|x86.Deploy.0 = Release|iPhone
		{EB6A6148-77FA-44F2-970D-BB6D7AC2B7B3}.Debug|Any CPU.ActiveCfg = Debug|Any CPU
		{EB6A6148-77FA-44F2-970D-BB6D7AC2B7B3}.Debug|Any CPU.Build.0 = Debug|Any CPU
		{EB6A6148-77FA-44F2-970D-BB6D7AC2B7B3}.Debug|Any CPU.Deploy.0 = Debug|Any CPU
		{EB6A6148-77FA-44F2-970D-BB6D7AC2B7B3}.Debug|ARM.ActiveCfg = Debug|Any CPU
		{EB6A6148-77FA-44F2-970D-BB6D7AC2B7B3}.Debug|ARM.Build.0 = Debug|Any CPU
		{EB6A6148-77FA-44F2-970D-BB6D7AC2B7B3}.Debug|ARM.Deploy.0 = Debug|Any CPU
		{EB6A6148-77FA-44F2-970D-BB6D7AC2B7B3}.Debug|iPhone.ActiveCfg = Debug|Any CPU
		{EB6A6148-77FA-44F2-970D-BB6D7AC2B7B3}.Debug|iPhone.Build.0 = Debug|Any CPU
		{EB6A6148-77FA-44F2-970D-BB6D7AC2B7B3}.Debug|iPhone.Deploy.0 = Debug|Any CPU
		{EB6A6148-77FA-44F2-970D-BB6D7AC2B7B3}.Debug|iPhoneSimulator.ActiveCfg = Debug|Any CPU
		{EB6A6148-77FA-44F2-970D-BB6D7AC2B7B3}.Debug|iPhoneSimulator.Build.0 = Debug|Any CPU
		{EB6A6148-77FA-44F2-970D-BB6D7AC2B7B3}.Debug|iPhoneSimulator.Deploy.0 = Debug|Any CPU
		{EB6A6148-77FA-44F2-970D-BB6D7AC2B7B3}.Debug|x64.ActiveCfg = Debug|Any CPU
		{EB6A6148-77FA-44F2-970D-BB6D7AC2B7B3}.Debug|x64.Build.0 = Debug|Any CPU
		{EB6A6148-77FA-44F2-970D-BB6D7AC2B7B3}.Debug|x64.Deploy.0 = Debug|Any CPU
		{EB6A6148-77FA-44F2-970D-BB6D7AC2B7B3}.Debug|x86.ActiveCfg = Debug|Any CPU
		{EB6A6148-77FA-44F2-970D-BB6D7AC2B7B3}.Debug|x86.Build.0 = Debug|Any CPU
		{EB6A6148-77FA-44F2-970D-BB6D7AC2B7B3}.Debug|x86.Deploy.0 = Debug|Any CPU
		{EB6A6148-77FA-44F2-970D-BB6D7AC2B7B3}.Release|Any CPU.ActiveCfg = Release|Any CPU
		{EB6A6148-77FA-44F2-970D-BB6D7AC2B7B3}.Release|Any CPU.Build.0 = Release|Any CPU
		{EB6A6148-77FA-44F2-970D-BB6D7AC2B7B3}.Release|Any CPU.Deploy.0 = Release|Any CPU
		{EB6A6148-77FA-44F2-970D-BB6D7AC2B7B3}.Release|ARM.ActiveCfg = Release|Any CPU
		{EB6A6148-77FA-44F2-970D-BB6D7AC2B7B3}.Release|ARM.Build.0 = Release|Any CPU
		{EB6A6148-77FA-44F2-970D-BB6D7AC2B7B3}.Release|ARM.Deploy.0 = Release|Any CPU
		{EB6A6148-77FA-44F2-970D-BB6D7AC2B7B3}.Release|iPhone.ActiveCfg = Release|Any CPU
		{EB6A6148-77FA-44F2-970D-BB6D7AC2B7B3}.Release|iPhone.Build.0 = Release|Any CPU
		{EB6A6148-77FA-44F2-970D-BB6D7AC2B7B3}.Release|iPhone.Deploy.0 = Release|Any CPU
		{EB6A6148-77FA-44F2-970D-BB6D7AC2B7B3}.Release|iPhoneSimulator.ActiveCfg = Release|Any CPU
		{EB6A6148-77FA-44F2-970D-BB6D7AC2B7B3}.Release|iPhoneSimulator.Build.0 = Release|Any CPU
		{EB6A6148-77FA-44F2-970D-BB6D7AC2B7B3}.Release|iPhoneSimulator.Deploy.0 = Release|Any CPU
		{EB6A6148-77FA-44F2-970D-BB6D7AC2B7B3}.Release|x64.ActiveCfg = Release|Any CPU
		{EB6A6148-77FA-44F2-970D-BB6D7AC2B7B3}.Release|x64.Build.0 = Release|Any CPU
		{EB6A6148-77FA-44F2-970D-BB6D7AC2B7B3}.Release|x64.Deploy.0 = Release|Any CPU
		{EB6A6148-77FA-44F2-970D-BB6D7AC2B7B3}.Release|x86.ActiveCfg = Release|Any CPU
		{EB6A6148-77FA-44F2-970D-BB6D7AC2B7B3}.Release|x86.Build.0 = Release|Any CPU
		{EB6A6148-77FA-44F2-970D-BB6D7AC2B7B3}.Release|x86.Deploy.0 = Release|Any CPU
	EndGlobalSection
	GlobalSection(SolutionProperties) = preSolution
		HideSolutionNode = FALSE
	EndGlobalSection
	GlobalSection(ExtensibilityGlobals) = postSolution
		SolutionGuid = {9081E5FB-3785-4FDA-92DD-7FCB35C515E0}
	EndGlobalSection
EndGlobal
